
Microsoft Visual Studio Solution File, Format Version 12.00
# Visual Studio Version 17
Project("{8BC9CEB8-8B4A-11D0-8D11-00A0C91BC942}") = "ALL_BUILD", "ALL_BUILD.vcxproj", "{07B70625-F399-328B-88D5-1A0204BFCE62}"
	ProjectSection(ProjectDependencies) = postProject
		{EA5E6166-026B-303F-8868-9F460D6C21D5} = {EA5E6166-026B-303F-8868-9F460D6C21D5}
		{C1E6280D-8AB7-3231-9F81-37300CDB5637} = {C1E6280D-8AB7-3231-9F81-37300CDB5637}
	EndProjectSection
EndProject
Project("{8BC9CEB8-8B4A-11D0-8D11-00A0C91BC942}") = "ZERO_CHECK", "ZERO_CHECK.vcxproj", "{EA5E6166-026B-303F-8868-9F460D6C21D5}"
	ProjectSection(ProjectDependencies) = postProject
	EndProjectSection
EndProject
Project("{8BC9CEB8-8B4A-11D0-8D11-00A0C91BC942}") = "main", "main.vcxproj", "{C1E6280D-8AB7-3231-9F81-37300CDB5637}"
	ProjectSection(ProjectDependencies) = postProject
		{EA5E6166-026B-303F-8868-9F460D6C21D5} = {EA5E6166-026B-303F-8868-9F460D6C21D5}
	EndProjectSection
EndProject
Global
	GlobalSection(SolutionConfigurationPlatforms) = preSolution
		Debug|x64 = Debug|x64
		Release|x64 = Release|x64
		MinSizeRel|x64 = MinSizeRel|x64
		RelWithDebInfo|x64 = RelWithDebInfo|x64
	EndGlobalSection
	GlobalSection(ProjectConfigurationPlatforms) = postSolution
		{07B70625-F399-328B-88D5-1A0204BFCE62}.Debug|x64.ActiveCfg = Debug|x64
		{07B70625-F399-328B-88D5-1A0204BFCE62}.Release|x64.ActiveCfg = Release|x64
		{07B70625-F399-328B-88D5-1A0204BFCE62}.MinSizeRel|x64.ActiveCfg = MinSizeRel|x64
		{07B70625-F399-328B-88D5-1A0204BFCE62}.RelWithDebInfo|x64.ActiveCfg = RelWithDebInfo|x64
		{EA5E6166-026B-303F-8868-9F460D6C21D5}.Debug|x64.ActiveCfg = Debug|x64
		{EA5E6166-026B-303F-8868-9F460D6C21D5}.Debug|x64.Build.0 = Debug|x64
		{EA5E6166-026B-303F-8868-9F460D6C21D5}.Release|x64.ActiveCfg = Release|x64
		{EA5E6166-026B-303F-8868-9F460D6C21D5}.Release|x64.Build.0 = Release|x64
		{EA5E6166-026B-303F-8868-9F460D6C21D5}.MinSizeRel|x64.ActiveCfg = MinSizeRel|x64
		{EA5E6166-026B-303F-8868-9F460D6C21D5}.MinSizeRel|x64.Build.0 = MinSizeRel|x64
		{EA5E6166-026B-303F-8868-9F460D6C21D5}.RelWithDebInfo|x64.ActiveCfg = RelWithDebInfo|x64
		{EA5E6166-026B-303F-8868-9F460D6C21D5}.RelWithDebInfo|x64.Build.0 = RelWithDebInfo|x64
		{C1E6280D-8AB7-3231-9F81-37300CDB5637}.Debug|x64.ActiveCfg = Debug|x64
		{C1E6280D-8AB7-3231-9F81-37300CDB5637}.Debug|x64.Build.0 = Debug|x64
		{C1E6280D-8AB7-3231-9F81-37300CDB5637}.Release|x64.ActiveCfg = Release|x64
		{C1E6280D-8AB7-3231-9F81-37300CDB5637}.Release|x64.Build.0 = Release|x64
		{C1E6280D-8AB7-3231-9F81-37300CDB5637}.MinSizeRel|x64.ActiveCfg = MinSizeRel|x64
		{C1E6280D-8AB7-3231-9F81-37300CDB5637}.MinSizeRel|x64.Build.0 = MinSizeRel|x64
		{C1E6280D-8AB7-3231-9F81-37300CDB5637}.RelWithDebInfo|x64.ActiveCfg = RelWithDebInfo|x64
		{C1E6280D-8AB7-3231-9F81-37300CDB5637}.RelWithDebInfo|x64.Build.0 = RelWithDebInfo|x64
	EndGlobalSection
	GlobalSection(ExtensibilityGlobals) = postSolution
		SolutionGuid = {26B12CC0-C4BD-3920-AC86-B1B88FDED023}
	EndGlobalSection
	GlobalSection(ExtensibilityAddIns) = postSolution
	EndGlobalSection
EndGlobal
