
Microsoft Visual Studio Solution File, Format Version 12.00
# Visual Studio Version 17
Project("{8BC9CEB8-8B4A-11D0-8D11-00A0C91BC942}") = "ALL_BUILD", "ALL_BUILD.vcxproj", "{17D3D24C-64D3-3308-B3F6-B6CF678604F1}"
	ProjectSection(ProjectDependencies) = postProject
		{5FF82B3A-6579-3E31-8722-19D0D2D57B9A} = {5FF82B3A-6579-3E31-8722-19D0D2D57B9A}
		{E8DE4C73-46F6-3911-8990-AC29D8A99577} = {E8DE4C73-46F6-3911-8990-AC29D8A99577}
	EndProjectSection
EndProject
Project("{8BC9CEB8-8B4A-11D0-8D11-00A0C91BC942}") = "ZERO_CHECK", "ZERO_CHECK.vcxproj", "{5FF82B3A-6579-3E31-8722-19D0D2D57B9A}"
	ProjectSection(ProjectDependencies) = postProject
	EndProjectSection
EndProject
Project("{8BC9CEB8-8B4A-11D0-8D11-00A0C91BC942}") = "main", "main.vcxproj", "{E8DE4C73-46F6-3911-8990-AC29D8A99577}"
	ProjectSection(ProjectDependencies) = postProject
		{5FF82B3A-6579-3E31-8722-19D0D2D57B9A} = {5FF82B3A-6579-3E31-8722-19D0D2D57B9A}
	EndProjectSection
EndProject
Global
	GlobalSection(SolutionConfigurationPlatforms) = preSolution
		Debug|x64 = Debug|x64
		Release|x64 = Release|x64
		MinSizeRel|x64 = MinSizeRel|x64
		RelWithDebInfo|x64 = RelWithDebInfo|x64
	EndGlobalSection
	GlobalSection(ProjectConfigurationPlatforms) = postSolution
		{17D3D24C-64D3-3308-B3F6-B6CF678604F1}.Debug|x64.ActiveCfg = Debug|x64
		{17D3D24C-64D3-3308-B3F6-B6CF678604F1}.Release|x64.ActiveCfg = Release|x64
		{17D3D24C-64D3-3308-B3F6-B6CF678604F1}.MinSizeRel|x64.ActiveCfg = MinSizeRel|x64
		{17D3D24C-64D3-3308-B3F6-B6CF678604F1}.RelWithDebInfo|x64.ActiveCfg = RelWithDebInfo|x64
		{5FF82B3A-6579-3E31-8722-19D0D2D57B9A}.Debug|x64.ActiveCfg = Debug|x64
		{5FF82B3A-6579-3E31-8722-19D0D2D57B9A}.Debug|x64.Build.0 = Debug|x64
		{5FF82B3A-6579-3E31-8722-19D0D2D57B9A}.Release|x64.ActiveCfg = Release|x64
		{5FF82B3A-6579-3E31-8722-19D0D2D57B9A}.Release|x64.Build.0 = Release|x64
		{5FF82B3A-6579-3E31-8722-19D0D2D57B9A}.MinSizeRel|x64.ActiveCfg = MinSizeRel|x64
		{5FF82B3A-6579-3E31-8722-19D0D2D57B9A}.MinSizeRel|x64.Build.0 = MinSizeRel|x64
		{5FF82B3A-6579-3E31-8722-19D0D2D57B9A}.RelWithDebInfo|x64.ActiveCfg = RelWithDebInfo|x64
		{5FF82B3A-6579-3E31-8722-19D0D2D57B9A}.RelWithDebInfo|x64.Build.0 = RelWithDebInfo|x64
		{E8DE4C73-46F6-3911-8990-AC29D8A99577}.Debug|x64.ActiveCfg = Debug|x64
		{E8DE4C73-46F6-3911-8990-AC29D8A99577}.Debug|x64.Build.0 = Debug|x64
		{E8DE4C73-46F6-3911-8990-AC29D8A99577}.Release|x64.ActiveCfg = Release|x64
		{E8DE4C73-46F6-3911-8990-AC29D8A99577}.Release|x64.Build.0 = Release|x64
		{E8DE4C73-46F6-3911-8990-AC29D8A99577}.MinSizeRel|x64.ActiveCfg = MinSizeRel|x64
		{E8DE4C73-46F6-3911-8990-AC29D8A99577}.MinSizeRel|x64.Build.0 = MinSizeRel|x64
		{E8DE4C73-46F6-3911-8990-AC29D8A99577}.RelWithDebInfo|x64.ActiveCfg = RelWithDebInfo|x64
		{E8DE4C73-46F6-3911-8990-AC29D8A99577}.RelWithDebInfo|x64.Build.0 = RelWithDebInfo|x64
	EndGlobalSection
	GlobalSection(ExtensibilityGlobals) = postSolution
		SolutionGuid = {3DEB75CD-4B0F-3656-9E01-36BFBD766DF7}
	EndGlobalSection
	GlobalSection(ExtensibilityAddIns) = postSolution
	EndGlobalSection
EndGlobal
